
Microsoft Visual Studio Solution File, Format Version 12.00
# Visual Studio Version 16
VisualStudioVersion = 16.0.31729.503
MinimumVisualStudioVersion = 10.0.40219.1
Project("{FAE04EC0-301F-11D3-BF4B-00C04F79EFBC}") = "DevOps.Web", "DevOps.Web\DevOps.Web.csproj", "{7D859E18-D0AB-4732-BEC3-89DFE09BD66E}"
EndProject
Global
	GlobalSection(SolutionConfigurationPlatforms) = preSolution
		Debug|Any CPU = Debug|Any CPU
		Release|Any CPU = Release|Any CPU
	EndGlobalSection
	GlobalSection(ProjectConfigurationPlatforms) = postSolution
		{7D859E18-D0AB-4732-BEC3-89DFE09BD66E}.Debug|Any CPU.ActiveCfg = Debug|Any CPU
		{7D859E18-D0AB-4732-BEC3-89DFE09BD66E}.Debug|Any CPU.Build.0 = Debug|Any CPU
		{7D859E18-D0AB-4732-BEC3-89DFE09BD66E}.Release|Any CPU.ActiveCfg = Release|Any CPU
		{7D859E18-D0AB-4732-BEC3-89DFE09BD66E}.Release|Any CPU.Build.0 = Release|Any CPU
	EndGlobalSection
	GlobalSection(SolutionProperties) = preSolution
		HideSolutionNode = FALSE
	EndGlobalSection
	GlobalSection(ExtensibilityGlobals) = postSolution
		SolutionGuid = {26F140E3-64E4-4429-A4A9-08A0E94825BB}
	EndGlobalSection
EndGlobal
